// !$*UTF8*$!
{
	archiveVersion = 1;
	classes = {
	};
	objectVersion = 77;
	objects = {

/* Begin PBXBuildFile section */
		286B88A2EDD1E0A116C39B4A /* TrainingPersistence in Frameworks */ = {isa = PBXBuildFile; productRef = 0259E80BCEFA3C35FA0F4A49 /* TrainingPersistence */; };
		3FDEB963481EFDBA0ABDEDB1 /* ContentView.swift in Sources */ = {isa = PBXBuildFile; fileRef = 01505EB8D0914628974C5802 /* ContentView.swift */; };
		71192217288381BB7BC9565A /* PersistenceContainer.swift in Sources */ = {isa = PBXBuildFile; fileRef = 391C37AE11709C0CF7437DCB /* PersistenceContainer.swift */; };
		D5B0EF037BEBF35B00C074D4 /* PersistenceHarnessApp.swift in Sources */ = {isa = PBXBuildFile; fileRef = ED852960C5A2FD5F2BA8C4C0 /* PersistenceHarnessApp.swift */; };
		DDC38584294ADD3DAB300D25 /* TrainingCore in Frameworks */ = {isa = PBXBuildFile; productRef = 48FB54D01A5C6EAE9BC37FC6 /* TrainingCore */; };
/* End PBXBuildFile section */

/* Begin PBXFileReference section */
		01505EB8D0914628974C5802 /* ContentView.swift */ = {isa = PBXFileReference; lastKnownFileType = sourcecode.swift; path = ContentView.swift; sourceTree = "<group>"; };
		391C37AE11709C0CF7437DCB /* PersistenceContainer.swift */ = {isa = PBXFileReference; lastKnownFileType = sourcecode.swift; path = PersistenceContainer.swift; sourceTree = "<group>"; };
		D2DF8A27500CB4D583CB144F /* TrainingKit */ = {isa = PBXFileReference; lastKnownFileType = folder; name = TrainingKit; path = ../..; sourceTree = SOURCE_ROOT; };
		D44E6BA1ECF0EFC194053DB9 /* PersistenceHarness.app */ = {isa = PBXFileReference; explicitFileType = wrapper.application; includeInIndex = 0; path = PersistenceHarness.app; sourceTree = BUILT_PRODUCTS_DIR; };
		ED852960C5A2FD5F2BA8C4C0 /* PersistenceHarnessApp.swift */ = {isa = PBXFileReference; lastKnownFileType = sourcecode.swift; path = PersistenceHarnessApp.swift; sourceTree = "<group>"; };
/* End PBXFileReference section */

/* Begin PBXFrameworksBuildPhase section */
		5093C6D4CE5310E4F033C6BC /* Frameworks */ = {
			isa = PBXFrameworksBuildPhase;
			buildActionMask = 2147483647;
			files = (
				286B88A2EDD1E0A116C39B4A /* TrainingPersistence in Frameworks */,
				DDC38584294ADD3DAB300D25 /* TrainingCore in Frameworks */,
			);
			runOnlyForDeploymentPostprocessing = 0;
		};
/* End PBXFrameworksBuildPhase section */

/* Begin PBXGroup section */
		24D832D88AD05C94E7A6F6B0 /* Products */ = {
			isa = PBXGroup;
			children = (
				D44E6BA1ECF0EFC194053DB9 /* PersistenceHarness.app */,
			);
			name = Products;
			sourceTree = "<group>";
		};
		4B1F4F38E68102444F4C228C /* Sources */ = {
			isa = PBXGroup;
			children = (
				01505EB8D0914628974C5802 /* ContentView.swift */,
				391C37AE11709C0CF7437DCB /* PersistenceContainer.swift */,
				ED852960C5A2FD5F2BA8C4C0 /* PersistenceHarnessApp.swift */,
			);
			path = Sources;
			sourceTree = "<group>";
		};
		8026ED2C883FCE2D394442B1 /* Packages */ = {
			isa = PBXGroup;
			children = (
				D2DF8A27500CB4D583CB144F /* TrainingKit */,
			);
			name = Packages;
			sourceTree = "<group>";
		};
		BF5456778F6E1A315383753C = {
			isa = PBXGroup;
			children = (
				8026ED2C883FCE2D394442B1 /* Packages */,
				4B1F4F38E68102444F4C228C /* Sources */,
				24D832D88AD05C94E7A6F6B0 /* Products */,
			);
			sourceTree = "<group>";
		};
/* End PBXGroup section */

/* Begin PBXNativeTarget section */
		076C2CAC3549E99C872510B2 /* PersistenceHarness */ = {
			isa = PBXNativeTarget;
			buildConfigurationList = 200F1C053FF70C4A5CFC9450 /* Build configuration list for PBXNativeTarget "PersistenceHarness" */;
			buildPhases = (
				40E8EE5668B23A0B5DAC68CF /* Sources */,
				5093C6D4CE5310E4F033C6BC /* Frameworks */,
			);
			buildRules = (
			);
			dependencies = (
			);
			name = PersistenceHarness;
			packageProductDependencies = (
				0259E80BCEFA3C35FA0F4A49 /* TrainingPersistence */,
				48FB54D01A5C6EAE9BC37FC6 /* TrainingCore */,
			);
			productName = PersistenceHarness;
			productReference = D44E6BA1ECF0EFC194053DB9 /* PersistenceHarness.app */;
			productType = "com.apple.product-type.application";
		};
/* End PBXNativeTarget section */

/* Begin PBXProject section */
		59AB0323FE752A7B6A9E719A /* Project object */ = {
			isa = PBXProject;
			attributes = {
				BuildIndependentTargetsInParallel = YES;
				LastUpgradeCheck = 1430;
				TargetAttributes = {
					076C2CAC3549E99C872510B2 = {
						DevelopmentTeam = WTT2LZ6DDG;
						ProvisioningStyle = Automatic;
					};
				};
			};
			buildConfigurationList = 79261400393BDCEBF8B63515 /* Build configuration list for PBXProject "PersistenceHarness" */;
			developmentRegion = en;
			hasScannedForEncodings = 0;
			knownRegions = (
				Base,
				en,
			);
			mainGroup = BF5456778F6E1A315383753C;
			minimizedProjectReferenceProxies = 1;
			packageReferences = (
				789EED90C35D0452D61DD250 /* XCLocalSwiftPackageReference "../..//" */,
			);
			preferredProjectObjectVersion = 77;
			productRefGroup = 24D832D88AD05C94E7A6F6B0 /* Products */;
			projectDirPath = "";
			projectRoot = "";
			targets = (
				076C2CAC3549E99C872510B2 /* PersistenceHarness */,
			);
		};
/* End PBXProject section */

/* Begin PBXSourcesBuildPhase section */
		40E8EE5668B23A0B5DAC68CF /* Sources */ = {
			isa = PBXSourcesBuildPhase;
			buildActionMask = 2147483647;
			files = (
				3FDEB963481EFDBA0ABDEDB1 /* ContentView.swift in Sources */,
				71192217288381BB7BC9565A /* PersistenceContainer.swift in Sources */,
				D5B0EF037BEBF35B00C074D4 /* PersistenceHarnessApp.swift in Sources */,
			);
			runOnlyForDeploymentPostprocessing = 0;
		};
/* End PBXSourcesBuildPhase section */

/* Begin XCBuildConfiguration section */
		3AAC2654A5B05AE5EA0D07D2 /* Debug */ = {
			isa = XCBuildConfiguration;
			buildSettings = {
				ASSETCATALOG_COMPILER_APPICON_NAME = AppIcon;
				CODE_SIGN_ENTITLEMENTS = Generated/PersistenceHarness.entitlements;
				CODE_SIGN_IDENTITY = "Apple Development";
				CODE_SIGN_STYLE = Automatic;
				COMBINE_HIDPI_IMAGES = YES;
				DEVELOPMENT_TEAM = WTT2LZ6DDG;
				ENABLE_HARDENED_RUNTIME = YES;
				INFOPLIST_FILE = Generated/Info.plist;
				LD_RUNPATH_SEARCH_PATHS = (
					"$(inherited)",
					"@executable_path/../Frameworks",
				);
				PRODUCT_BUNDLE_IDENTIFIER = org.oekalegon.trainingkit.PersistenceHarness;
				SDKROOT = macosx;
				SWIFT_VERSION = 6.0;
			};
			name = Debug;
		};
		8827719D7992580C6C191B04 /* Release */ = {
			isa = XCBuildConfiguration;
			buildSettings = {
				ALWAYS_SEARCH_USER_PATHS = NO;
				CLANG_ANALYZER_NONNULL = YES;
				CLANG_ANALYZER_NUMBER_OBJECT_CONVERSION = YES_AGGRESSIVE;
				CLANG_CXX_LANGUAGE_STANDARD = "gnu++14";
				CLANG_CXX_LIBRARY = "libc++";
				CLANG_ENABLE_MODULES = YES;
				CLANG_ENABLE_OBJC_ARC = YES;
				CLANG_ENABLE_OBJC_WEAK = YES;
				CLANG_WARN_BLOCK_CAPTURE_AUTORELEASING = YES;
				CLANG_WARN_BOOL_CONVERSION = YES;
				CLANG_WARN_COMMA = YES;
				CLANG_WARN_CONSTANT_CONVERSION = YES;
				CLANG_WARN_DEPRECATED_OBJC_IMPLEMENTATIONS = YES;
				CLANG_WARN_DIRECT_OBJC_ISA_USAGE = YES_ERROR;
				CLANG_WARN_DOCUMENTATION_COMMENTS = YES;
				CLANG_WARN_EMPTY_BODY = YES;
				CLANG_WARN_ENUM_CONVERSION = YES;
				CLANG_WARN_INFINITE_RECURSION = YES;
				CLANG_WARN_INT_CONVERSION = YES;
				CLANG_WARN_NON_LITERAL_NULL_CONVERSION = YES;
				CLANG_WARN_OBJC_IMPLICIT_RETAIN_SELF = YES;
				CLANG_WARN_OBJC_LITERAL_CONVERSION = YES;
				CLANG_WARN_OBJC_ROOT_CLASS = YES_ERROR;
				CLANG_WARN_QUOTED_INCLUDE_IN_FRAMEWORK_HEADER = YES;
				CLANG_WARN_RANGE_LOOP_ANALYSIS = YES;
				CLANG_WARN_STRICT_PROTOTYPES = YES;
				CLANG_WARN_SUSPICIOUS_MOVE = YES;
				CLANG_WARN_UNGUARDED_AVAILABILITY = YES_AGGRESSIVE;
				CLANG_WARN_UNREACHABLE_CODE = YES;
				CLANG_WARN__DUPLICATE_METHOD_MATCH = YES;
				COPY_PHASE_STRIP = NO;
				DEBUG_INFORMATION_FORMAT = "dwarf-with-dsym";
				ENABLE_NS_ASSERTIONS = NO;
				ENABLE_STRICT_OBJC_MSGSEND = YES;
				GCC_C_LANGUAGE_STANDARD = gnu11;
				GCC_NO_COMMON_BLOCKS = YES;
				GCC_WARN_64_TO_32_BIT_CONVERSION = YES;
				GCC_WARN_ABOUT_RETURN_TYPE = YES_ERROR;
				GCC_WARN_UNDECLARED_SELECTOR = YES;
				GCC_WARN_UNINITIALIZED_AUTOS = YES_AGGRESSIVE;
				GCC_WARN_UNUSED_FUNCTION = YES;
				GCC_WARN_UNUSED_VARIABLE = YES;
				MACOSX_DEPLOYMENT_TARGET = 26.0;
				MTL_ENABLE_DEBUG_INFO = NO;
				MTL_FAST_MATH = YES;
				PRODUCT_NAME = "$(TARGET_NAME)";
				SDKROOT = macosx;
				SWIFT_COMPILATION_MODE = wholemodule;
				SWIFT_OPTIMIZATION_LEVEL = "-O";
				SWIFT_VERSION = 5.0;
			};
			name = Release;
		};
		9901AE32BBD75D2C6399B7D2 /* Debug */ = {
			isa = XCBuildConfiguration;
			buildSettings = {
				ALWAYS_SEARCH_USER_PATHS = NO;
				CLANG_ANALYZER_NONNULL = YES;
				CLANG_ANALYZER_NUMBER_OBJECT_CONVERSION = YES_AGGRESSIVE;
				CLANG_CXX_LANGUAGE_STANDARD = "gnu++14";
				CLANG_CXX_LIBRARY = "libc++";
				CLANG_ENABLE_MODULES = YES;
				CLANG_ENABLE_OBJC_ARC = YES;
				CLANG_ENABLE_OBJC_WEAK = YES;
				CLANG_WARN_BLOCK_CAPTURE_AUTORELEASING = YES;
				CLANG_WARN_BOOL_CONVERSION = YES;
				CLANG_WARN_COMMA = YES;
				CLANG_WARN_CONSTANT_CONVERSION = YES;
				CLANG_WARN_DEPRECATED_OBJC_IMPLEMENTATIONS = YES;
				CLANG_WARN_DIRECT_OBJC_ISA_USAGE = YES_ERROR;
				CLANG_WARN_DOCUMENTATION_COMMENTS = YES;
				CLANG_WARN_EMPTY_BODY = YES;
				CLANG_WARN_ENUM_CONVERSION = YES;
				CLANG_WARN_INFINITE_RECURSION = YES;
				CLANG_WARN_INT_CONVERSION = YES;
				CLANG_WARN_NON_LITERAL_NULL_CONVERSION = YES;
				CLANG_WARN_OBJC_IMPLICIT_RETAIN_SELF = YES;
				CLANG_WARN_OBJC_LITERAL_CONVERSION = YES;
				CLANG_WARN_OBJC_ROOT_CLASS = YES_ERROR;
				CLANG_WARN_QUOTED_INCLUDE_IN_FRAMEWORK_HEADER = YES;
				CLANG_WARN_RANGE_LOOP_ANALYSIS = YES;
				CLANG_WARN_STRICT_PROTOTYPES = YES;
				CLANG_WARN_SUSPICIOUS_MOVE = YES;
				CLANG_WARN_UNGUARDED_AVAILABILITY = YES_AGGRESSIVE;
				CLANG_WARN_UNREACHABLE_CODE = YES;
				CLANG_WARN__DUPLICATE_METHOD_MATCH = YES;
				COPY_PHASE_STRIP = NO;
				DEBUG_INFORMATION_FORMAT = dwarf;
				ENABLE_STRICT_OBJC_MSGSEND = YES;
				ENABLE_TESTABILITY = YES;
				GCC_C_LANGUAGE_STANDARD = gnu11;
				GCC_DYNAMIC_NO_PIC = NO;
				GCC_NO_COMMON_BLOCKS = YES;
				GCC_OPTIMIZATION_LEVEL = 0;
				GCC_PREPROCESSOR_DEFINITIONS = (
					"$(inherited)",
					"DEBUG=1",
				);
				GCC_WARN_64_TO_32_BIT_CONVERSION = YES;
				GCC_WARN_ABOUT_RETURN_TYPE = YES_ERROR;
				GCC_WARN_UNDECLARED_SELECTOR = YES;
				GCC_WARN_UNINITIALIZED_AUTOS = YES_AGGRESSIVE;
				GCC_WARN_UNUSED_FUNCTION = YES;
				GCC_WARN_UNUSED_VARIABLE = YES;
				MACOSX_DEPLOYMENT_TARGET = 26.0;
				MTL_ENABLE_DEBUG_INFO = INCLUDE_SOURCE;
				MTL_FAST_MATH = YES;
				ONLY_ACTIVE_ARCH = YES;
				PRODUCT_NAME = "$(TARGET_NAME)";
				SDKROOT = macosx;
				SWIFT_ACTIVE_COMPILATION_CONDITIONS = DEBUG;
				SWIFT_OPTIMIZATION_LEVEL = "-Onone";
				SWIFT_VERSION = 5.0;
			};
			name = Debug;
		};
		CB9CF49BE25BFADA4C63BCB6 /* Release */ = {
			isa = XCBuildConfiguration;
			buildSettings = {
				ASSETCATALOG_COMPILER_APPICON_NAME = AppIcon;
				CODE_SIGN_ENTITLEMENTS = Generated/PersistenceHarness.entitlements;
				CODE_SIGN_IDENTITY = "Apple Development";
				CODE_SIGN_STYLE = Automatic;
				COMBINE_HIDPI_IMAGES = YES;
				DEVELOPMENT_TEAM = WTT2LZ6DDG;
				ENABLE_HARDENED_RUNTIME = YES;
				INFOPLIST_FILE = Generated/Info.plist;
				LD_RUNPATH_SEARCH_PATHS = (
					"$(inherited)",
					"@executable_path/../Frameworks",
				);
				PRODUCT_BUNDLE_IDENTIFIER = org.oekalegon.trainingkit.PersistenceHarness;
				SDKROOT = macosx;
				SWIFT_VERSION = 6.0;
			};
			name = Release;
		};
/* End XCBuildConfiguration section */

/* Begin XCConfigurationList section */
		200F1C053FF70C4A5CFC9450 /* Build configuration list for PBXNativeTarget "PersistenceHarness" */ = {
			isa = XCConfigurationList;
			buildConfigurations = (
				3AAC2654A5B05AE5EA0D07D2 /* Debug */,
				CB9CF49BE25BFADA4C63BCB6 /* Release */,
			);
			defaultConfigurationIsVisible = 0;
			defaultConfigurationName = Debug;
		};
		79261400393BDCEBF8B63515 /* Build configuration list for PBXProject "PersistenceHarness" */ = {
			isa = XCConfigurationList;
			buildConfigurations = (
				9901AE32BBD75D2C6399B7D2 /* Debug */,
				8827719D7992580C6C191B04 /* Release */,
			);
			defaultConfigurationIsVisible = 0;
			defaultConfigurationName = Debug;
		};
/* End XCConfigurationList section */

/* Begin XCLocalSwiftPackageReference section */
		789EED90C35D0452D61DD250 /* XCLocalSwiftPackageReference "../..//" */ = {
			isa = XCLocalSwiftPackageReference;
			relativePath = "../..//";
		};
/* End XCLocalSwiftPackageReference section */

/* Begin XCSwiftPackageProductDependency section */
		0259E80BCEFA3C35FA0F4A49 /* TrainingPersistence */ = {
			isa = XCSwiftPackageProductDependency;
			productName = TrainingPersistence;
		};
		48FB54D01A5C6EAE9BC37FC6 /* TrainingCore */ = {
			isa = XCSwiftPackageProductDependency;
			productName = TrainingCore;
		};
/* End XCSwiftPackageProductDependency section */
	};
	rootObject = 59AB0323FE752A7B6A9E719A /* Project object */;
}
